
Microsoft Visual Studio Solution File, Format Version 12.00
# Visual Studio Version 17
VisualStudioVersion = 17.6.33815.320
MinimumVisualStudioVersion = 10.0.40219.1
Project("{FAE04EC0-301F-11D3-BF4B-00C04F79EFBC}") = "OtoServis", "OtoServis\OtoServis.csproj", "{B5B2AC0B-6384-4036-9B4F-68A72E11D261}"
EndProject
Global
	GlobalSection(SolutionConfigurationPlatforms) = preSolution
		Debug|Any CPU = Debug|Any CPU
		Release|Any CPU = Release|Any CPU
	EndGlobalSection
	GlobalSection(ProjectConfigurationPlatforms) = postSolution
		{B5B2AC0B-6384-4036-9B4F-68A72E11D261}.Debug|Any CPU.ActiveCfg = Debug|Any CPU
		{B5B2AC0B-6384-4036-9B4F-68A72E11D261}.Debug|Any CPU.Build.0 = Debug|Any CPU
		{B5B2AC0B-6384-4036-9B4F-68A72E11D261}.Release|Any CPU.ActiveCfg = Release|Any CPU
		{B5B2AC0B-6384-4036-9B4F-68A72E11D261}.Release|Any CPU.Build.0 = Release|Any CPU
	EndGlobalSection
	GlobalSection(SolutionProperties) = preSolution
		HideSolutionNode = FALSE
	EndGlobalSection
	GlobalSection(ExtensibilityGlobals) = postSolution
		SolutionGuid = {4E820803-16A2-4193-8F9B-380DC7A1302A}
	EndGlobalSection
EndGlobal
